Microsoft Visual Studio Solution File, Format Version 12.00
# Visual Studio Version 17
VisualStudioVersion = 17.5.2.0
MinimumVisualStudioVersion = 10.0.40219.1
Project("{FAE04EC0-301F-11D3-BF4B-00C04F79EFBC}") = "AgenciaTurismo", "AgenciaTurismo.csproj", "{A793C236-4F6A-6FC1-3CEF-4C0251E1B7AD}"
EndProject
Global
	GlobalSection(SolutionConfigurationPlatforms) = preSolution
		Debug|Any CPU = Debug|Any CPU
		Release|Any CPU = Release|Any CPU
	EndGlobalSection
	GlobalSection(ProjectConfigurationPlatforms) = postSolution
		{A793C236-4F6A-6FC1-3CEF-4C0251E1B7AD}.Debug|Any CPU.ActiveCfg = Debug|Any CPU
		{A793C236-4F6A-6FC1-3CEF-4C0251E1B7AD}.Debug|Any CPU.Build.0 = Debug|Any CPU
		{A793C236-4F6A-6FC1-3CEF-4C0251E1B7AD}.Release|Any CPU.ActiveCfg = Release|Any CPU
		{A793C236-4F6A-6FC1-3CEF-4C0251E1B7AD}.Release|Any CPU.Build.0 = Release|Any CPU
	EndGlobalSection
	GlobalSection(SolutionProperties) = preSolution
		HideSolutionNode = FALSE
	EndGlobalSection
	GlobalSection(ExtensibilityGlobals) = postSolution
		SolutionGuid = {82DA9EB3-8B9A-4C2A-97E6-47F8513DCB1E}
	EndGlobalSection
EndGlobal
