
Microsoft Visual Studio Solution File, Format Version 12.00
Project("{FAE04EC0-301F-11D3-BF4B-00C04F79EFBC}") = "Exercicio1", "Exercicio1\Exercicio1.csproj", "{0C0A45C3-41BC-42EC-BE14-060AAEE87F50}"
EndProject
Project("{FAE04EC0-301F-11D3-BF4B-00C04F79EFBC}") = "Exercicio2_6", "Exercicio2_6\Exercicio2_6.csproj", "{8F865FD1-83EA-48EB-B28A-9D6DB6564AE8}"
EndProject
Project("{FAE04EC0-301F-11D3-BF4B-00C04F79EFBC}") = "Exercicio7_9", "Exercicio7_9\Exercicio7_9.csproj", "{B6F07AF7-A1FA-492A-9BA0-DE5CC128361D}"
EndProject
Project("{FAE04EC0-301F-11D3-BF4B-00C04F79EFBC}") = "Exercicio10_11", "Exercicio10_11\Exercicio10_11.csproj", "{1EB6EF7E-9253-46C9-B5AE-5F98238BF311}"
EndProject
Global
	GlobalSection(SolutionConfigurationPlatforms) = preSolution
		Debug|Any CPU = Debug|Any CPU
		Release|Any CPU = Release|Any CPU
	EndGlobalSection
	GlobalSection(ProjectConfigurationPlatforms) = postSolution
		{0C0A45C3-41BC-42EC-BE14-060AAEE87F50}.Debug|Any CPU.ActiveCfg = Debug|Any CPU
		{0C0A45C3-41BC-42EC-BE14-060AAEE87F50}.Debug|Any CPU.Build.0 = Debug|Any CPU
		{0C0A45C3-41BC-42EC-BE14-060AAEE87F50}.Release|Any CPU.ActiveCfg = Release|Any CPU
		{0C0A45C3-41BC-42EC-BE14-060AAEE87F50}.Release|Any CPU.Build.0 = Release|Any CPU
		{8F865FD1-83EA-48EB-B28A-9D6DB6564AE8}.Debug|Any CPU.ActiveCfg = Debug|Any CPU
		{8F865FD1-83EA-48EB-B28A-9D6DB6564AE8}.Debug|Any CPU.Build.0 = Debug|Any CPU
		{8F865FD1-83EA-48EB-B28A-9D6DB6564AE8}.Release|Any CPU.ActiveCfg = Release|Any CPU
		{8F865FD1-83EA-48EB-B28A-9D6DB6564AE8}.Release|Any CPU.Build.0 = Release|Any CPU
		{B6F07AF7-A1FA-492A-9BA0-DE5CC128361D}.Debug|Any CPU.ActiveCfg = Debug|Any CPU
		{B6F07AF7-A1FA-492A-9BA0-DE5CC128361D}.Debug|Any CPU.Build.0 = Debug|Any CPU
		{B6F07AF7-A1FA-492A-9BA0-DE5CC128361D}.Release|Any CPU.ActiveCfg = Release|Any CPU
		{B6F07AF7-A1FA-492A-9BA0-DE5CC128361D}.Release|Any CPU.Build.0 = Release|Any CPU
		{1EB6EF7E-9253-46C9-B5AE-5F98238BF311}.Debug|Any CPU.ActiveCfg = Debug|Any CPU
		{1EB6EF7E-9253-46C9-B5AE-5F98238BF311}.Debug|Any CPU.Build.0 = Debug|Any CPU
		{1EB6EF7E-9253-46C9-B5AE-5F98238BF311}.Release|Any CPU.ActiveCfg = Release|Any CPU
		{1EB6EF7E-9253-46C9-B5AE-5F98238BF311}.Release|Any CPU.Build.0 = Release|Any CPU
	EndGlobalSection
EndGlobal
